
Microsoft Visual Studio Solution File, Format Version 12.00
# Visual Studio Version 17
VisualStudioVersion = 17.1.32210.238
MinimumVisualStudioVersion = 10.0.40219.1
Project("{FAE04EC0-301F-11D3-BF4B-00C04F79EFBC}") = "MovieAPI", "MovieAPI\MovieAPI.csproj", "{80F689E4-DF2D-426E-AEDF-0CE1AE9BE76D}"
EndProject
Global
	GlobalSection(SolutionConfigurationPlatforms) = preSolution
		Debug|Any CPU = Debug|Any CPU
		Release|Any CPU = Release|Any CPU
	EndGlobalSection
	GlobalSection(ProjectConfigurationPlatforms) = postSolution
		{80F689E4-DF2D-426E-AEDF-0CE1AE9BE76D}.Debug|Any CPU.ActiveCfg = Debug|Any CPU
		{80F689E4-DF2D-426E-AEDF-0CE1AE9BE76D}.Debug|Any CPU.Build.0 = Debug|Any CPU
		{80F689E4-DF2D-426E-AEDF-0CE1AE9BE76D}.Release|Any CPU.ActiveCfg = Release|Any CPU
		{80F689E4-DF2D-426E-AEDF-0CE1AE9BE76D}.Release|Any CPU.Build.0 = Release|Any CPU
	EndGlobalSection
	GlobalSection(SolutionProperties) = preSolution
		HideSolutionNode = FALSE
	EndGlobalSection
	GlobalSection(ExtensibilityGlobals) = postSolution
		SolutionGuid = {55BDE1C6-C8A7-47E7-A798-3D7520C7DCAE}
	EndGlobalSection
EndGlobal
